{
  "nodes": {
    "nixpkgs": {
      "locked": {
        "lastModified": 1777975286,
        "narHash": "sha256-HGqWrElfXqFibHQ/LrlQoHxTEadfznO1QBg9NVhKiXA=",
        "owner": "NixOS",
        "repo": "nixpkgs",
        "rev": "eb4270b4d5531b9de0e2053060c7a7eac9c9fb9f",
        "type": "github"
      },
      "original": {
        "owner": "nixos",
        "ref": "nixos-unstable",
        "repo": "nixpkgs",
        "type": "github"
      }
    },
    "root": {
      "inputs": {
        "nixpkgs": "nixpkgs"
      }
    }
  },
  "root": "root",
  "version": 7
}
